Microsoft Visual Studio Solution File, Format Version 12.00
# Visual Studio 15
VisualStudioVersion = 15.0.26730.16
MinimumVisualStudioVersion = 10.0.40219.1
Project("{8BC9CEB8-8B4A-11D0-8D11-00A0C91BC942}") = "lab4", "lab4.vcxproj", "{05320A2A-1446-33FD-9E64-45F41D1898D9}"
EndProject
Global
	GlobalSection(SolutionConfigurationPlatforms) = preSolution
		Debug|Win32 = Debug|Win32
		MinSizeRel|Win32 = MinSizeRel|Win32
		Release|Win32 = Release|Win32
		RelWithDebInfo|Win32 = RelWithDebInfo|Win32
	EndGlobalSection
	GlobalSection(ProjectConfigurationPlatforms) = postSolution
		{05320A2A-1446-33FD-9E64-45F41D1898D9}.Debug|Win32.ActiveCfg = Debug|Win32
		{05320A2A-1446-33FD-9E64-45F41D1898D9}.Debug|Win32.Build.0 = Debug|Win32
		{05320A2A-1446-33FD-9E64-45F41D1898D9}.MinSizeRel|Win32.ActiveCfg = MinSizeRel|Win32
		{05320A2A-1446-33FD-9E64-45F41D1898D9}.MinSizeRel|Win32.Build.0 = MinSizeRel|Win32
		{05320A2A-1446-33FD-9E64-45F41D1898D9}.Release|Win32.ActiveCfg = Release|Win32
		{05320A2A-1446-33FD-9E64-45F41D1898D9}.Release|Win32.Build.0 = Release|Win32
		{05320A2A-1446-33FD-9E64-45F41D1898D9}.RelWithDebInfo|Win32.ActiveCfg = RelWithDebInfo|Win32
		{05320A2A-1446-33FD-9E64-45F41D1898D9}.RelWithDebInfo|Win32.Build.0 = RelWithDebInfo|Win32
	EndGlobalSection
	GlobalSection(SolutionProperties) = preSolution
		HideSolutionNode = FALSE
	EndGlobalSection
	GlobalSection(ExtensibilityGlobals) = postSolution
		SolutionGuid = {23ACC75C-0AED-3ECF-86AC-C2F2F3E0D4B7}
	EndGlobalSection
EndGlobal
