<?xml version="1.0" encoding="UTF-8"?>
<Project ToolsVersion="15.0" xmlns="http://schemas.microsoft.com/developer/msbuild/2003">
  <ItemGroup>
    <ClCompile Include="C:\Users\sebas\dev\miun\DT063G Designmönster Cpp\DT063G_sest1601_LAB2\src\main.cpp">
      <Filter>Source Files</Filter>
    </ClCompile>
    <ClCompile Include="C:\Users\sebas\dev\miun\DT063G Designmönster Cpp\DT063G_sest1601_LAB2\src\BakingRecepyManager.cpp">
      <Filter>Source Files</Filter>
    </ClCompile>
  </ItemGroup>
  <ItemGroup>
    <ClInclude Include="C:\Users\sebas\dev\miun\DT063G Designmönster Cpp\DT063G_sest1601_LAB2\src\Bakery.h">
      <Filter>Header Files</Filter>
    </ClInclude>
    <ClInclude Include="C:\Users\sebas\dev\miun\DT063G Designmönster Cpp\DT063G_sest1601_LAB2\src\BakingRecepy.h">
      <Filter>Header Files</Filter>
    </ClInclude>
    <ClInclude Include="C:\Users\sebas\dev\miun\DT063G Designmönster Cpp\DT063G_sest1601_LAB2\src\Ingredient.h">
      <Filter>Header Files</Filter>
    </ClInclude>
    <ClInclude Include="C:\Users\sebas\dev\miun\DT063G Designmönster Cpp\DT063G_sest1601_LAB2\src\Kladdkaka.h">
      <Filter>Header Files</Filter>
    </ClInclude>
    <ClInclude Include="C:\Users\sebas\dev\miun\DT063G Designmönster Cpp\DT063G_sest1601_LAB2\src\Pizza.h">
      <Filter>Header Files</Filter>
    </ClInclude>
    <ClInclude Include="C:\Users\sebas\dev\miun\DT063G Designmönster Cpp\DT063G_sest1601_LAB2\src\Scones.h">
      <Filter>Header Files</Filter>
    </ClInclude>
    <ClInclude Include="C:\Users\sebas\dev\miun\DT063G Designmönster Cpp\DT063G_sest1601_LAB2\src\Sockerkaka.h">
      <Filter>Header Files</Filter>
    </ClInclude>
  </ItemGroup>
  <ItemGroup>
    <CustomBuild Include="C:\Users\sebas\dev\miun\DT063G Designmönster Cpp\DT063G_sest1601_LAB2\CMakeLists.txt" />
  </ItemGroup>
  <ItemGroup>
    <None Include="C:\Users\sebas\dev\miun\DT063G Designmönster Cpp\DT063G_sest1601_LAB2\src\skafferi.dat" />
  </ItemGroup>
  <ItemGroup>
    <Filter Include="Source Files">
      <UniqueIdentifier>{A802808C-8832-3E75-8A9C-28B5CCC4439A}</UniqueIdentifier>
    </Filter>
    <Filter Include="Header Files">
      <UniqueIdentifier>{732529FB-1FD4-369F-A279-FD6B6CBCDD79}</UniqueIdentifier>
    </Filter>
  </ItemGroup>
</Project>
