<?xml version="1.0" encoding="UTF-8"?>
<Project ToolsVersion="15.0" xmlns="http://schemas.microsoft.com/developer/msbuild/2003">
  <ItemGroup>
    <ClCompile Include="C:\Users\sebas\dev\miun\DT063G Designmönster Cpp\DT063G_sest1601_LAB1\src\main.cpp">
      <Filter>Source Files</Filter>
    </ClCompile>
  </ItemGroup>
  <ItemGroup>
    <ClInclude Include="C:\Users\sebas\dev\miun\DT063G Designmönster Cpp\DT063G_sest1601_LAB1\src\Shouter.h">
      <Filter>Header Files</Filter>
    </ClInclude>
    <ClInclude Include="C:\Users\sebas\dev\miun\DT063G Designmönster Cpp\DT063G_sest1601_LAB1\src\SoundProducer.h">
      <Filter>Header Files</Filter>
    </ClInclude>
    <ClInclude Include="C:\Users\sebas\dev\miun\DT063G Designmönster Cpp\DT063G_sest1601_LAB1\src\Talker.h">
      <Filter>Header Files</Filter>
    </ClInclude>
    <ClInclude Include="C:\Users\sebas\dev\miun\DT063G Designmönster Cpp\DT063G_sest1601_LAB1\src\Uppgift1.h">
      <Filter>Header Files</Filter>
    </ClInclude>
    <ClInclude Include="C:\Users\sebas\dev\miun\DT063G Designmönster Cpp\DT063G_sest1601_LAB1\src\Whisperer.h">
      <Filter>Header Files</Filter>
    </ClInclude>
  </ItemGroup>
  <ItemGroup>
    <CustomBuild Include="C:\Users\sebas\dev\miun\DT063G Designmönster Cpp\DT063G_sest1601_LAB1\CMakeLists.txt" />
  </ItemGroup>
  <ItemGroup>
    <Filter Include="Source Files">
      <UniqueIdentifier>{3C5847B9-0D06-33CC-94D8-18DF947F6FFA}</UniqueIdentifier>
    </Filter>
    <Filter Include="Header Files">
      <UniqueIdentifier>{92452D37-45EF-3B94-8E54-FD7AF3508F75}</UniqueIdentifier>
    </Filter>
  </ItemGroup>
</Project>
