<?xml version="1.0" encoding="UTF-8"?>
<Project ToolsVersion="15.0" xmlns="http://schemas.microsoft.com/developer/msbuild/2003">
  <ItemGroup>
    <ClCompile Include="C:\Users\sebas\Desktop\DT063G_sest1601_LAB6\src\test.cpp">
      <Filter>Source Files</Filter>
    </ClCompile>
  </ItemGroup>
  <ItemGroup>
    <ClInclude Include="C:\Users\sebas\Desktop\DT063G_sest1601_LAB6\src\AddonDecorator.h">
      <Filter>Header Files</Filter>
    </ClInclude>
    <ClInclude Include="C:\Users\sebas\Desktop\DT063G_sest1601_LAB6\src\Component.h">
      <Filter>Header Files</Filter>
    </ClInclude>
    <ClInclude Include="C:\Users\sebas\Desktop\DT063G_sest1601_LAB6\src\DrinkComponent.h">
      <Filter>Header Files</Filter>
    </ClInclude>
  </ItemGroup>
  <ItemGroup>
    <Filter Include="Source Files">
      <UniqueIdentifier>{C7165185-8E4C-387C-889C-370A8368B478}</UniqueIdentifier>
    </Filter>
    <Filter Include="Header Files">
      <UniqueIdentifier>{3F76F458-F77A-3D2C-AEA7-589A20A2001B}</UniqueIdentifier>
    </Filter>
  </ItemGroup>
</Project>
